<?xml version="1.0" encoding="utf-8"?>
<Project ToolsVersion="4.0" xmlns="http://schemas.microsoft.com/developer/msbuild/2003">
  <ItemGroup>
    <Filter Include="Source Files">
      <UniqueIdentifier>{4FC737F1-C7A5-4376-A066-2A32D752A2FF}</UniqueIdentifier>
      <Extensions>cpp;c;cc;cxx;def;odl;idl;hpj;bat;asm;asmx</Extensions>
    </Filter>
    <Filter Include="Header Files">
      <UniqueIdentifier>{93995380-89BD-4b04-88EB-625FBE52EBFB}</UniqueIdentifier>
      <Extensions>h;hpp;hxx;hm;inl;inc;xsd</Extensions>
    </Filter>
    <Filter Include="Resource Files">
      <UniqueIdentifier>{67DA6AB6-F800-4c08-8B7A-83BB121AAD01}</UniqueIdentifier>
      <Extensions>rc;ico;cur;bmp;dlg;rc2;rct;bin;rgs;gif;jpg;jpeg;jpe;resx;tiff;tif;png;wav;mfcribbon-ms</Extensions>
    </Filter>
  </ItemGroup>
  <ItemGroup>
    <ClInclude Include="src\class\FeatureSet.h">
      <Filter>Header Files</Filter>
    </ClInclude>
    <ClInclude Include="src\class\FeaturesHandler.h">
      <Filter>Header Files</Filter>
    </ClInclude>
    <ClInclude Include="src\class\FileScanner.h">
      <Filter>Header Files</Filter>
    </ClInclude>
    <ClInclude Include="src\class\FolderScanner.h">
      <Filter>Header Files</Filter>
    </ClInclude>
    <ClInclude Include="src\class\LRE.h">
      <Filter>Header Files</Filter>
    </ClInclude>
    <ClInclude Include="src\class\LREAuxBuffer.h">
      <Filter>Header Files</Filter>
    </ClInclude>
    <ClInclude Include="src\class\LREProgs.h">
      <Filter>Header Files</Filter>
    </ClInclude>
    <ClInclude Include="src\class\LREThreadBuffer.h">
      <Filter>Header Files</Filter>
    </ClInclude>
    <ClInclude Include="src\class\MLAuxFuncs.h">
      <Filter>Header Files</Filter>
    </ClInclude>
    <ClInclude Include="src\class\PairClassifier.h">
      <Filter>Header Files</Filter>
    </ClInclude>
    <ClInclude Include="src\class\ResourceBox.h">
      <Filter>Header Files</Filter>
    </ClInclude>
    <ClInclude Include="src\class\SimilarityMeasure.h">
      <Filter>Header Files</Filter>
    </ClInclude>
    <ClInclude Include="src\class\Timer.h">
      <Filter>Header Files</Filter>
    </ClInclude>
    <ClInclude Include="src\class\auxiliary.h">
      <Filter>Header Files</Filter>
    </ClInclude>
    <ClInclude Include="src\class\DataFuncs.h">
      <Filter>Header Files</Filter>
    </ClInclude>
    <ClInclude Include="src\class\ThesisAux.h">
      <Filter>Header Files</Filter>
    </ClInclude>
  </ItemGroup>
  <ItemGroup>
    <ClCompile Include="src\class\auxiliary.cpp">
      <Filter>Source Files</Filter>
    </ClCompile>
    <ClCompile Include="src\class\DataFuncs.cpp">
      <Filter>Source Files</Filter>
    </ClCompile>
    <ClCompile Include="src\class\FeatureSet.cpp">
      <Filter>Source Files</Filter>
    </ClCompile>
    <ClCompile Include="src\class\FeaturesHandler.cpp">
      <Filter>Source Files</Filter>
    </ClCompile>
    <ClCompile Include="src\class\FileScanner.cpp">
      <Filter>Source Files</Filter>
    </ClCompile>
    <ClCompile Include="src\class\FolderScanner.cpp">
      <Filter>Source Files</Filter>
    </ClCompile>
    <ClCompile Include="src\class\LREAuxBuffer.cpp">
      <Filter>Source Files</Filter>
    </ClCompile>
    <ClCompile Include="src\class\MLAuxFuncs.cpp">
      <Filter>Source Files</Filter>
    </ClCompile>
    <ClCompile Include="src\class\PairClassifier.cpp">
      <Filter>Source Files</Filter>
    </ClCompile>
    <ClCompile Include="src\class\ResourceBox.cpp">
      <Filter>Source Files</Filter>
    </ClCompile>
    <ClCompile Include="src\class\SimilarityMeasure.cpp">
      <Filter>Source Files</Filter>
    </ClCompile>
    <ClCompile Include="src\class\Timer.cpp">
      <Filter>Source Files</Filter>
    </ClCompile>
    <ClCompile Include="src\appl\ExtractFeatures.cpp">
      <Filter>Source Files</Filter>
    </ClCompile>
    <ClCompile Include="src\appl\LRE.cpp">
      <Filter>Source Files</Filter>
    </ClCompile>
    <ClCompile Include="src\appl\LREProgs.cpp">
      <Filter>Source Files</Filter>
    </ClCompile>
    <ClCompile Include="src\appl\MergeFtrsVecs.cpp">
      <Filter>Source Files</Filter>
    </ClCompile>
    <ClCompile Include="src\appl\PlainSimClassifier.cpp">
      <Filter>Source Files</Filter>
    </ClCompile>
    <ClCompile Include="src\appl\RandomClassifier.cpp">
      <Filter>Source Files</Filter>
    </ClCompile>
    <ClCompile Include="src\appl\SimilarClassifier.cpp">
      <Filter>Source Files</Filter>
    </ClCompile>
    <ClCompile Include="src\appl\TextToFeatures.cpp">
      <Filter>Source Files</Filter>
    </ClCompile>
    <ClCompile Include="src\appl\WebClassifier.cpp">
      <Filter>Source Files</Filter>
    </ClCompile>
    <ClCompile Include="src\appl\BlogToIRScript.cpp">
      <Filter>Source Files</Filter>
    </ClCompile>
    <ClCompile Include="src\appl\BlogToPairsScript.cpp">
      <Filter>Source Files</Filter>
    </ClCompile>
    <ClCompile Include="src\appl\ClassifyPairs.cpp">
      <Filter>Source Files</Filter>
    </ClCompile>
    <ClCompile Include="src\class\ThesisAux.cpp">
      <Filter>Source Files</Filter>
    </ClCompile>
  </ItemGroup>
</Project>